{
  "version": 4,
  "terraform_version": "1.5.7",
  "serial": 257,
  "lineage": "e780a6d2-d15f-697d-97df-b9ead4ab4089",
  "outputs": {},
  "resources": [
    {
      "module": "module.athena",
      "mode": "managed",
      "type": "aws_athena_database",
      "name": "bovespa_db",
      "provider": "provider[\"registry.terraform.io/hashicorp/aws\"]",
      "instances": [
        {
          "schema_version": 0,
          "attributes": {
            "acl_configuration": [],
            "bucket": null,
            "comment": "",
            "encryption_configuration": [],
            "expected_bucket_owner": null,
            "force_destroy": null,
            "id": "bovespa_db_dev",
            "name": "bovespa_db_dev",
            "properties": {}
          },
          "sensitive_attributes": [],
          "private": "eyJzY2hlbWFfdmVyc2lvbiI6IjAifQ==",
          "dependencies": [
            "module.s3.aws_s3_bucket.bovespa_data"
          ]
        }
      ]
    },
    {
      "module": "module.athena",
      "mode": "managed",
      "type": "aws_athena_named_query",
      "name": "media_preco",
      "provider": "provider[\"registry.terraform.io/hashicorp/aws\"]",
      "instances": [
        {
          "schema_version": 0,
          "attributes": {
            "database": "bovespa_db_dev",
            "description": "Média de preço por ticker",
            "id": "fd824293-ab60-4691-aef0-97757a343afb",
            "name": "bovespa-media-preco-dev",
            "query": "SELECT ticker, \n       AVG(preco_medio_abertura) as preco_medio\nFROM bovespa_db_dev.bovespa_refined\nGROUP BY ticker\nORDER BY preco_medio DESC\nLIMIT 10;\n",
            "workgroup": "bovespa-workgroup-dev"
          },
          "sensitive_attributes": [],
          "private": "bnVsbA==",
          "dependencies": [
            "module.athena.aws_athena_workgroup.bovespa",
            "module.glue.aws_glue_catalog_database.bovespa_db",
            "module.s3.aws_s3_bucket.bovespa_data"
          ]
        }
      ]
    },
    {
      "module": "module.athena",
      "mode": "managed",
      "type": "aws_athena_named_query",
      "name": "negociacoes",
      "provider": "provider[\"registry.terraform.io/hashicorp/aws\"]",
      "instances": [
        {
          "schema_version": 0,
          "attributes": {
            "database": "bovespa_db_dev",
            "description": "Número de negociações por ticker e dia",
            "id": "d92f2633-e1ac-4212-b538-b75a48505164",
            "name": "bovespa-negociacoes-dev",
            "query": "SELECT ticker, \n       data_pregao, \n       numero_negociacoes\nFROM bovespa_db_dev.bovespa_refined\nORDER BY numero_negociacoes DESC\nLIMIT 10;\n",
            "workgroup": "bovespa-workgroup-dev"
          },
          "sensitive_attributes": [],
          "private": "bnVsbA==",
          "dependencies": [
            "module.athena.aws_athena_workgroup.bovespa",
            "module.glue.aws_glue_catalog_database.bovespa_db",
            "module.s3.aws_s3_bucket.bovespa_data"
          ]
        }
      ]
    },
    {
      "module": "module.athena",
      "mode": "managed",
      "type": "aws_athena_named_query",
      "name": "schema",
      "provider": "provider[\"registry.terraform.io/hashicorp/aws\"]",
      "instances": [
        {
          "schema_version": 0,
          "attributes": {
            "database": "bovespa_db_dev",
            "description": "Visualizar schema da tabela",
            "id": "902f2afb-e14c-4610-97c4-3174676087c2",
            "name": "bovespa-schema-dev",
            "query": "DESCRIBE bovespa_db_dev.bovespa_refined;",
            "workgroup": "bovespa-workgroup-dev"
          },
          "sensitive_attributes": [],
          "private": "bnVsbA==",
          "dependencies": [
            "module.athena.aws_athena_workgroup.bovespa",
            "module.glue.aws_glue_catalog_database.bovespa_db",
            "module.s3.aws_s3_bucket.bovespa_data"
          ]
        }
      ]
    },
    {
      "module": "module.athena",
      "mode": "managed",
      "type": "aws_athena_named_query",
      "name": "volume_diario",
      "provider": "provider[\"registry.terraform.io/hashicorp/aws\"]",
      "instances": [
        {
          "schema_version": 0,
          "attributes": {
            "database": "bovespa_db_dev",
            "description": "Volume total negociado por dia",
            "id": "d0956ffe-1c6e-449b-b8b6-c961c9f09a63",
            "name": "bovespa-volume-diario-dev",
            "query": "SELECT data_pregao, \n       SUM(volume_total) as volume_total_dia\nFROM bovespa_db_dev.bovespa_refined\nGROUP BY data_pregao\nORDER BY data_pregao DESC\nLIMIT 10;\n",
            "workgroup": "bovespa-workgroup-dev"
          },
          "sensitive_attributes": [],
          "private": "bnVsbA==",
          "dependencies": [
            "module.athena.aws_athena_workgroup.bovespa",
            "module.glue.aws_glue_catalog_database.bovespa_db",
            "module.s3.aws_s3_bucket.bovespa_data"
          ]
        }
      ]
    },
    {
      "module": "module.athena",
      "mode": "managed",
      "type": "aws_athena_workgroup",
      "name": "bovespa",
      "provider": "provider[\"registry.terraform.io/hashicorp/aws\"]",
      "instances": [
        {
          "schema_version": 0,
          "attributes": {
            "arn": "arn:aws:athena:us-east-1:416759445527:workgroup/bovespa-workgroup-dev",
            "configuration": [
              {
                "bytes_scanned_cutoff_per_query": 0,
                "enforce_workgroup_configuration": true,
                "engine_version": [
                  {
                    "effective_engine_version": "Athena engine version 3",
                    "selected_engine_version": "AUTO"
                  }
                ],
                "execution_role": "",
                "publish_cloudwatch_metrics_enabled": true,
                "requester_pays_enabled": false,
                "result_configuration": [
                  {
                    "acl_configuration": [],
                    "encryption_configuration": [],
                    "expected_bucket_owner": "",
                    "output_location": "s3://bovespa-pipeline-data/athena_results/"
                  }
                ]
              }
            ],
            "description": "",
            "force_destroy": true,
            "id": "bovespa-workgroup-dev",
            "name": "bovespa-workgroup-dev",
            "state": "ENABLED",
            "tags": null,
            "tags_all": {
              "Environment": "dev",
              "ManagedBy": "terraform",
              "Owner": "fiap-pos-tech",
              "Project": "bovespa-pipeline"
            }
          },
          "sensitive_attributes": [],
          "private": "bnVsbA==",
          "dependencies": [
            "module.s3.aws_s3_bucket.bovespa_data"
          ]
        }
      ]
    },
    {
      "module": "module.athena",
      "mode": "managed",
      "type": "null_resource",
      "name": "create_table",
      "provider": "provider[\"registry.terraform.io/hashicorp/null\"]",
      "instances": [
        {
          "schema_version": 0,
          "attributes": {
            "id": "8320115302699655277",
            "triggers": {
              "bucket_name": "bovespa-pipeline-data",
              "schema_hash": "cc4d9924507da5f0d47214e63737d00936cc3d0d2529bd016e77ede6bbdf170d"
            }
          },
          "sensitive_attributes": [],
          "dependencies": [
            "module.athena.aws_athena_database.bovespa_db",
            "module.athena.aws_athena_workgroup.bovespa",
            "module.s3.aws_s3_bucket.bovespa_data"
          ]
        }
      ]
    },
    {
      "module": "module.athena",
      "mode": "managed",
      "type": "null_resource",
      "name": "repair_partitions",
      "provider": "provider[\"registry.terraform.io/hashicorp/null\"]",
      "instances": [
        {
          "schema_version": 0,
          "attributes": {
            "id": "1335567358915572972",
            "triggers": {
              "create_table_triggers": "bucket_name=bovespa-pipeline-data,schema_hash=cc4d9924507da5f0d47214e63737d00936cc3d0d2529bd016e77ede6bbdf170d",
              "refined_path": "s3://bovespa-pipeline-data/refined/"
            }
          },
          "sensitive_attributes": [],
          "dependencies": [
            "module.athena.aws_athena_database.bovespa_db",
            "module.athena.aws_athena_workgroup.bovespa",
            "module.athena.null_resource.create_table",
            "module.s3.aws_s3_bucket.bovespa_data"
          ]
        }
      ]
    },
    {
      "module": "module.athena",
      "mode": "managed",
      "type": "random_id",
      "name": "bucket_suffix",
      "provider": "provider[\"registry.terraform.io/hashicorp/random\"]",
      "instances": [
        {
          "schema_version": 0,
          "attributes": {
            "b64_std": "eTOi3g==",
            "b64_url": "eTOi3g",
            "byte_length": 4,
            "dec": "2033427166",
            "hex": "7933a2de",
            "id": "eTOi3g",
            "keepers": null,
            "prefix": null
          },
          "sensitive_attributes": []
        }
      ]
    },
    {
      "module": "module.eventbridge",
      "mode": "managed",
      "type": "aws_cloudwatch_event_rule",
      "name": "crawler_schedule",
      "provider": "provider[\"registry.terraform.io/hashicorp/aws\"]",
      "instances": [
        {
          "schema_version": 1,
          "attributes": {
            "arn": "arn:aws:events:us-east-1:416759445527:rule/b3-crawler-schedule-dev",
            "description": "Agenda para executar o crawler da B3 a cada minuto",
            "event_bus_name": "default",
            "event_pattern": null,
            "force_destroy": false,
            "id": "b3-crawler-schedule-dev",
            "is_enabled": true,
            "name": "b3-crawler-schedule-dev",
            "name_prefix": "",
            "role_arn": "",
            "schedule_expression": "rate(5 minutes)",
            "state": "ENABLED",
            "tags": null,
            "tags_all": {
              "Environment": "dev",
              "ManagedBy": "terraform",
              "Owner": "fiap-pos-tech",
              "Project": "bovespa-pipeline"
            }
          },
          "sensitive_attributes": [],
          "private": "eyJzY2hlbWFfdmVyc2lvbiI6IjEifQ=="
        }
      ]
    },
    {
      "module": "module.eventbridge",
      "mode": "managed",
      "type": "aws_cloudwatch_event_target",
      "name": "lambda_target",
      "provider": "provider[\"registry.terraform.io/hashicorp/aws\"]",
      "instances": [
        {
          "schema_version": 1,
          "attributes": {
            "appsync_target": [],
            "arn": "arn:aws:lambda:us-east-1:416759445527:function:b3-crawler-dev",
            "batch_target": [],
            "dead_letter_config": [],
            "ecs_target": [],
            "event_bus_name": "default",
            "force_destroy": false,
            "http_target": [],
            "id": "b3-crawler-schedule-dev-B3CrawlerLambda",
            "input": "",
            "input_path": "",
            "input_transformer": [],
            "kinesis_target": [],
            "redshift_target": [],
            "retry_policy": [],
            "role_arn": "",
            "rule": "b3-crawler-schedule-dev",
            "run_command_targets": [],
            "sagemaker_pipeline_target": [],
            "sqs_target": [],
            "target_id": "B3CrawlerLambda"
          },
          "sensitive_attributes": [],
          "private": "eyJzY2hlbWFfdmVyc2lvbiI6IjEifQ==",
          "dependencies": [
            "module.eventbridge.aws_cloudwatch_event_rule.crawler_schedule",
            "module.glue.aws_glue_workflow.bovespa",
            "module.lambda.aws_iam_role.lambda_role",
            "module.lambda.aws_lambda_function.crawler",
            "module.lambda.aws_s3_object.lambda_code",
            "module.lambda.data.archive_file.lambda_zip",
            "module.lambda.null_resource.lambda_dependencies",
            "module.s3.aws_s3_bucket.bovespa_data"
          ]
        }
      ]
    },
    {
      "module": "module.eventbridge",
      "mode": "managed",
      "type": "aws_lambda_permission",
      "name": "allow_eventbridge",
      "provider": "provider[\"registry.terraform.io/hashicorp/aws\"]",
      "instances": [
        {
          "schema_version": 0,
          "attributes": {
            "action": "lambda:InvokeFunction",
            "event_source_token": null,
            "function_name": "arn:aws:lambda:us-east-1:416759445527:function:b3-crawler-dev",
            "function_url_auth_type": null,
            "id": "AllowEventBridgeInvoke",
            "principal": "events.amazonaws.com",
            "principal_org_id": null,
            "qualifier": "",
            "source_account": null,
            "source_arn": "arn:aws:events:us-east-1:416759445527:rule/b3-crawler-schedule-dev",
            "statement_id": "AllowEventBridgeInvoke",
            "statement_id_prefix": ""
          },
          "sensitive_attributes": [],
          "private": "bnVsbA==",
          "dependencies": [
            "module.eventbridge.aws_cloudwatch_event_rule.crawler_schedule",
            "module.glue.aws_glue_workflow.bovespa",
            "module.lambda.aws_iam_role.lambda_role",
            "module.lambda.aws_lambda_function.crawler",
            "module.lambda.aws_s3_object.lambda_code",
            "module.lambda.data.archive_file.lambda_zip",
            "module.lambda.null_resource.lambda_dependencies",
            "module.s3.aws_s3_bucket.bovespa_data"
          ]
        }
      ]
    },
    {
      "module": "module.glue",
      "mode": "managed",
      "type": "aws_cloudwatch_log_group",
      "name": "glue_log_group",
      "provider": "provider[\"registry.terraform.io/hashicorp/aws\"]",
      "instances": [
        {
          "schema_version": 0,
          "attributes": {
            "arn": "arn:aws:logs:us-east-1:416759445527:log-group:/aws-glue/jobs/transform-bovespa-dev",
            "id": "/aws-glue/jobs/transform-bovespa-dev",
            "kms_key_id": "",
            "log_group_class": "STANDARD",
            "name": "/aws-glue/jobs/transform-bovespa-dev",
            "name_prefix": "",
            "retention_in_days": 14,
            "skip_destroy": false,
            "tags": null,
            "tags_all": {
              "Environment": "dev",
              "ManagedBy": "terraform",
              "Owner": "fiap-pos-tech",
              "Project": "bovespa-pipeline"
            }
          },
          "sensitive_attributes": [],
          "private": "bnVsbA=="
        }
      ]
    },
    {
      "module": "module.glue",
      "mode": "managed",
      "type": "aws_glue_catalog_database",
      "name": "bovespa_db",
      "provider": "provider[\"registry.terraform.io/hashicorp/aws\"]",
      "instances": [
        {
          "schema_version": 0,
          "attributes": {
            "arn": "arn:aws:glue:us-east-1:416759445527:database/bovespa_db_dev",
            "catalog_id": "416759445527",
            "create_table_default_permission": [
              {
                "permissions": [
                  "ALL"
                ],
                "principal": [
                  {
                    "data_lake_principal_identifier": "IAM_ALLOWED_PRINCIPALS"
                  }
                ]
              }
            ],
            "description": "",
            "federated_database": [],
            "id": "416759445527:bovespa_db_dev",
            "location_uri": "",
            "name": "bovespa_db_dev",
            "parameters": {},
            "tags": {},
            "tags_all": {
              "Environment": "dev",
              "ManagedBy": "terraform",
              "Owner": "fiap-pos-tech",
              "Project": "bovespa-pipeline"
            },
            "target_database": []
          },
          "sensitive_attributes": [],
          "private": "bnVsbA=="
        }
      ]
    },
    {
      "module": "module.glue",
      "mode": "managed",
      "type": "aws_glue_job",
      "name": "transform_bovespa",
      "provider": "provider[\"registry.terraform.io/hashicorp/aws\"]",
      "instances": [
        {
          "schema_version": 0,
          "attributes": {
            "arn": "arn:aws:glue:us-east-1:416759445527:job/transform-bovespa-dev",
            "command": [
              {
                "name": "glueetl",
                "python_version": "3",
                "runtime": "",
                "script_location": "s3://bovespa-pipeline-data/scripts/transform_bovespa.py"
              }
            ],
            "connections": null,
            "default_arguments": {
              "--bucket_name": "bovespa-pipeline-data",
              "--continuous-log-logGroup": "/aws-glue/jobs/transform-bovespa-dev",
              "--enable-continuous-cloudwatch-log": "true",
              "--enable-glue-datacatalog": "true",
              "--enable-job-insights": "true",
              "--enable-metrics": "true",
              "--enable-spark-ui": "true",
              "--job-language": "python",
              "--spark-event-logs-path": "s3://bovespa-pipeline-data/spark-logs/"
            },
            "description": "",
            "execution_class": "",
            "execution_property": [
              {
                "max_concurrent_runs": 1
              }
            ],
            "glue_version": "4.0",
            "id": "transform-bovespa-dev",
            "job_run_queuing_enabled": false,
            "maintenance_window": "",
            "max_capacity": 2,
            "max_retries": 0,
            "name": "transform-bovespa-dev",
            "non_overridable_arguments": null,
            "notification_property": [],
            "number_of_workers": 2,
            "role_arn": "arn:aws:iam::416759445527:role/glue-bovespa-role-dev",
            "security_configuration": "",
            "tags": null,
            "tags_all": {
              "Environment": "dev",
              "ManagedBy": "terraform",
              "Owner": "fiap-pos-tech",
              "Project": "bovespa-pipeline"
            },
            "timeout": 2880,
            "worker_type": "G.1X"
          },
          "sensitive_attributes": [],
          "private": "bnVsbA==",
          "dependencies": [
            "module.glue.aws_cloudwatch_log_group.glue_log_group",
            "module.glue.aws_iam_role.glue_role",
            "module.s3.aws_s3_bucket.bovespa_data"
          ]
        }
      ]
    },
    {
      "module": "module.glue",
      "mode": "managed",
      "type": "aws_glue_trigger",
      "name": "on_demand",
      "provider": "provider[\"registry.terraform.io/hashicorp/aws\"]",
      "instances": [
        {
          "schema_version": 0,
          "attributes": {
            "actions": [
              {
                "arguments": {},
                "crawler_name": "",
                "job_name": "transform-bovespa-dev",
                "notification_property": [],
                "security_configuration": "",
                "timeout": 0
              }
            ],
            "arn": "arn:aws:glue:us-east-1:416759445527:trigger/transform-bovespa-trigger-dev",
            "description": "",
            "enabled": true,
            "event_batching_condition": [],
            "id": "transform-bovespa-trigger-dev",
            "name": "transform-bovespa-trigger-dev",
            "predicate": [],
            "schedule": "",
            "start_on_creation": null,
            "state": "CREATED",
            "tags": {},
            "tags_all": {
              "Environment": "dev",
              "ManagedBy": "terraform",
              "Owner": "fiap-pos-tech",
              "Project": "bovespa-pipeline"
            },
            "timeouts": null,
            "type": "ON_DEMAND",
            "workflow_name": "transform-bovespa-workflow-dev"
          },
          "sensitive_attributes": [],
          "private": "eyJlMmJmYjczMC1lY2FhLTExZTYtOGY4OC0zNDM2M2JjN2M0YzAiOnsiY3JlYXRlIjozMDAwMDAwMDAwMDAsImRlbGV0ZSI6MzAwMDAwMDAwMDAwLCJ1cGRhdGUiOjMwMDAwMDAwMDAwMH19",
          "dependencies": [
            "module.glue.aws_cloudwatch_log_group.glue_log_group",
            "module.glue.aws_glue_job.transform_bovespa",
            "module.glue.aws_iam_role.glue_role",
            "module.s3.aws_s3_bucket.bovespa_data"
          ]
        }
      ]
    },
    {
      "module": "module.glue",
      "mode": "managed",
      "type": "aws_glue_workflow",
      "name": "bovespa",
      "provider": "provider[\"registry.terraform.io/hashicorp/aws\"]",
      "instances": [
        {
          "schema_version": 0,
          "attributes": {
            "arn": "arn:aws:glue:us-east-1:416759445527:workflow/transform-bovespa-workflow-dev",
            "default_run_properties": {},
            "description": "",
            "id": "transform-bovespa-workflow-dev",
            "max_concurrent_runs": 0,
            "name": "transform-bovespa-workflow-dev",
            "tags": {},
            "tags_all": {
              "Environment": "dev",
              "ManagedBy": "terraform",
              "Owner": "fiap-pos-tech",
              "Project": "bovespa-pipeline"
            }
          },
          "sensitive_attributes": [],
          "private": "bnVsbA=="
        }
      ]
    },
    {
      "module": "module.glue",
      "mode": "managed",
      "type": "aws_iam_role",
      "name": "glue_role",
      "provider": "provider[\"registry.terraform.io/hashicorp/aws\"]",
      "instances": [
        {
          "schema_version": 0,
          "attributes": {
            "arn": "arn:aws:iam::416759445527:role/glue-bovespa-role-dev",
            "assume_role_policy": "{\"Statement\":[{\"Action\":\"sts:AssumeRole\",\"Effect\":\"Allow\",\"Principal\":{\"Service\":\"glue.amazonaws.com\"}}],\"Version\":\"2012-10-17\"}",
            "create_date": "2025-03-23T18:08:33Z",
            "description": "",
            "force_detach_policies": false,
            "id": "glue-bovespa-role-dev",
            "inline_policy": [
              {
                "name": "glue-bovespa-policy-dev",
                "policy": "{\"Version\":\"2012-10-17\",\"Statement\":[{\"Action\":[\"s3:GetObject\",\"s3:PutObject\",\"s3:DeleteObject\",\"s3:ListBucket\"],\"Effect\":\"Allow\",\"Resource\":[\"arn:aws:s3:::bovespa-pipeline-data\",\"arn:aws:s3:::bovespa-pipeline-data/*\"]},{\"Action\":[\"glue:*\",\"s3:GetBucketLocation\",\"s3:ListBucket\",\"s3:ListAllMyBuckets\",\"s3:GetBucketAcl\",\"ec2:DescribeVpcEndpoints\",\"ec2:DescribeRouteTables\",\"ec2:CreateNetworkInterface\",\"ec2:DeleteNetworkInterface\",\"ec2:DescribeNetworkInterfaces\",\"ec2:DescribeSecurityGroups\",\"ec2:DescribeSubnets\",\"ec2:DescribeVpcAttribute\",\"iam:ListRolePolicies\",\"iam:GetRole\",\"iam:GetRolePolicy\",\"cloudwatch:PutMetricData\",\"cloudwatch:GetMetricData\",\"cloudwatch:GetMetricStatistics\",\"cloudwatch:ListMetrics\",\"logs:CreateLogGroup\",\"logs:CreateLogStream\",\"logs:PutLogEvents\",\"logs:GetLogEvents\",\"logs:GetLogGroupFields\",\"logs:GetQueryResults\"],\"Effect\":\"Allow\",\"Resource\":[\"*\"]}]}"
              }
            ],
            "managed_policy_arns": [],
            "max_session_duration": 3600,
            "name": "glue-bovespa-role-dev",
            "name_prefix": "",
            "path": "/",
            "permissions_boundary": "",
            "tags": {},
            "tags_all": {
              "Environment": "dev",
              "ManagedBy": "terraform",
              "Owner": "fiap-pos-tech",
              "Project": "bovespa-pipeline"
            },
            "unique_id": "AROAWCCGMPAL76HKQ5P5N"
          },
          "sensitive_attributes": [],
          "private": "bnVsbA=="
        }
      ]
    },
    {
      "module": "module.glue",
      "mode": "managed",
      "type": "aws_iam_role_policy",
      "name": "glue_policy",
      "provider": "provider[\"registry.terraform.io/hashicorp/aws\"]",
      "instances": [
        {
          "schema_version": 0,
          "attributes": {
            "id": "glue-bovespa-role-dev:glue-bovespa-policy-dev",
            "name": "glue-bovespa-policy-dev",
            "name_prefix": "",
            "policy": "{\"Version\":\"2012-10-17\",\"Statement\":[{\"Action\":[\"s3:GetObject\",\"s3:PutObject\",\"s3:DeleteObject\",\"s3:ListBucket\"],\"Effect\":\"Allow\",\"Resource\":[\"arn:aws:s3:::bovespa-pipeline-data\",\"arn:aws:s3:::bovespa-pipeline-data/*\"]},{\"Action\":[\"glue:*\",\"s3:GetBucketLocation\",\"s3:ListBucket\",\"s3:ListAllMyBuckets\",\"s3:GetBucketAcl\",\"ec2:DescribeVpcEndpoints\",\"ec2:DescribeRouteTables\",\"ec2:CreateNetworkInterface\",\"ec2:DeleteNetworkInterface\",\"ec2:DescribeNetworkInterfaces\",\"ec2:DescribeSecurityGroups\",\"ec2:DescribeSubnets\",\"ec2:DescribeVpcAttribute\",\"iam:ListRolePolicies\",\"iam:GetRole\",\"iam:GetRolePolicy\",\"cloudwatch:PutMetricData\",\"cloudwatch:GetMetricData\",\"cloudwatch:GetMetricStatistics\",\"cloudwatch:ListMetrics\",\"logs:CreateLogGroup\",\"logs:CreateLogStream\",\"logs:PutLogEvents\",\"logs:GetLogEvents\",\"logs:GetLogGroupFields\",\"logs:GetQueryResults\"],\"Effect\":\"Allow\",\"Resource\":[\"*\"]}]}",
            "role": "glue-bovespa-role-dev"
          },
          "sensitive_attributes": [],
          "private": "bnVsbA==",
          "dependencies": [
            "module.glue.aws_iam_role.glue_role",
            "module.s3.aws_s3_bucket.bovespa_data"
          ]
        }
      ]
    },
    {
      "module": "module.glue",
      "mode": "managed",
      "type": "aws_s3_object",
      "name": "glue_script",
      "provider": "provider[\"registry.terraform.io/hashicorp/aws\"]",
      "instances": [
        {
          "schema_version": 0,
          "attributes": {
            "acl": null,
            "arn": "arn:aws:s3:::bovespa-pipeline-data/scripts/transform_bovespa.py",
            "bucket": "bovespa-pipeline-data",
            "bucket_key_enabled": false,
            "cache_control": "",
            "checksum_algorithm": null,
            "checksum_crc32": "",
            "checksum_crc32c": "",
            "checksum_crc64nvme": "",
            "checksum_sha1": "",
            "checksum_sha256": "",
            "content": null,
            "content_base64": null,
            "content_disposition": "",
            "content_encoding": "",
            "content_language": "",
            "content_type": "application/octet-stream",
            "etag": "9d3060ab4f48d4fd9b02836c822cf6c7",
            "force_destroy": true,
            "id": "scripts/transform_bovespa.py",
            "key": "scripts/transform_bovespa.py",
            "kms_key_id": null,
            "metadata": null,
            "object_lock_legal_hold_status": "",
            "object_lock_mode": "",
            "object_lock_retain_until_date": "",
            "override_provider": [],
            "server_side_encryption": "AES256",
            "source": "modules/glue/scripts/transform_bovespa.py",
            "source_hash": null,
            "storage_class": "STANDARD",
            "tags": null,
            "tags_all": {
              "Environment": "dev",
              "ManagedBy": "terraform",
              "Owner": "fiap-pos-tech",
              "Project": "bovespa-pipeline"
            },
            "version_id": "Ta5dtPG9D.jnD1H6XGhLu9vdvxlpfPyw",
            "website_redirect": ""
          },
          "sensitive_attributes": [],
          "private": "bnVsbA==",
          "dependencies": [
            "module.s3.aws_s3_bucket.bovespa_data"
          ]
        }
      ]
    },
    {
      "module": "module.lambda",
      "mode": "data",
      "type": "archive_file",
      "name": "lambda_zip",
      "provider": "provider[\"registry.terraform.io/hashicorp/archive\"]",
      "instances": [
        {
          "schema_version": 0,
          "attributes": {
            "exclude_symlink_directories": null,
            "excludes": null,
            "id": "535efbb33a321d6682ea02ca8a868aebbf8b6b62",
            "output_base64sha256": "mjGneaHh/eJybUFgIY1Ky5s4DQFjcoPV5XeEU/kRfnY=",
            "output_base64sha512": "DDLSEaiXQRbo+f/dWFgKS0hTKl//COvMoOVdM0QxyVXDmRQpGkp2As5VYk+Ud7R9XLjbJOWkzuf3O9L9zoZd4A==",
            "output_file_mode": null,
            "output_md5": "69bbf1e0b2e88c42450ae67d048bbed9",
            "output_path": "modules/lambda/crawler_hash.zip",
            "output_sha": "535efbb33a321d6682ea02ca8a868aebbf8b6b62",
            "output_sha256": "9a31a779a1e1fde2726d4160218d4acb9b380d01637283d5e5778453f9117e76",
            "output_sha512": "0c32d211a8974116e8f9ffdd58580a4b48532a5fff08ebcca0e55d334431c955c39914291a4a7602ce55624f9477b47d5cb8db24e5a4cee7f73bd2fdce865de0",
            "output_size": 84073318,
            "source": [],
            "source_content": null,
            "source_content_filename": null,
            "source_dir": null,
            "source_file": "modules/lambda/crawler.zip",
            "type": "zip"
          },
          "sensitive_attributes": []
        }
      ]
    },
    {
      "module": "module.lambda",
      "mode": "managed",
      "type": "aws_cloudwatch_log_group",
      "name": "lambda_logs",
      "provider": "provider[\"registry.terraform.io/hashicorp/aws\"]",
      "instances": [
        {
          "schema_version": 0,
          "attributes": {
            "arn": "arn:aws:logs:us-east-1:416759445527:log-group:/aws/lambda/b3-crawler-dev",
            "id": "/aws/lambda/b3-crawler-dev",
            "kms_key_id": "",
            "log_group_class": "STANDARD",
            "name": "/aws/lambda/b3-crawler-dev",
            "name_prefix": "",
            "retention_in_days": 14,
            "skip_destroy": false,
            "tags": null,
            "tags_all": {
              "Environment": "dev",
              "ManagedBy": "terraform",
              "Owner": "fiap-pos-tech",
              "Project": "bovespa-pipeline"
            }
          },
          "sensitive_attributes": [],
          "private": "bnVsbA==",
          "create_before_destroy": true
        }
      ]
    },
    {
      "module": "module.lambda",
      "mode": "managed",
      "type": "aws_iam_role",
      "name": "lambda_role",
      "provider": "provider[\"registry.terraform.io/hashicorp/aws\"]",
      "instances": [
        {
          "schema_version": 0,
          "attributes": {
            "arn": "arn:aws:iam::416759445527:role/b3-crawler-role-dev",
            "assume_role_policy": "{\"Statement\":[{\"Action\":\"sts:AssumeRole\",\"Effect\":\"Allow\",\"Principal\":{\"Service\":\"lambda.amazonaws.com\"}}],\"Version\":\"2012-10-17\"}",
            "create_date": "2025-03-23T18:08:33Z",
            "description": "",
            "force_detach_policies": false,
            "id": "b3-crawler-role-dev",
            "inline_policy": [
              {
                "name": "b3-crawler-policy-dev",
                "policy": "{\"Version\":\"2012-10-17\",\"Statement\":[{\"Action\":[\"s3:PutObject\",\"s3:GetObject\",\"s3:ListBucket\"],\"Effect\":\"Allow\",\"Resource\":[\"arn:aws:s3:::bovespa-pipeline-data\",\"arn:aws:s3:::bovespa-pipeline-data/*\"]},{\"Action\":[\"logs:CreateLogGroup\",\"logs:CreateLogStream\",\"logs:PutLogEvents\"],\"Effect\":\"Allow\",\"Resource\":[\"arn:aws:logs:*:*:*\"]},{\"Action\":[\"glue:StartWorkflowRun\",\"glue:GetWorkflow\"],\"Effect\":\"Allow\",\"Resource\":[\"arn:aws:glue:us-east-1:416759445527:workflow/transform-bovespa-workflow-dev\"]}]}"
              }
            ],
            "managed_policy_arns": [],
            "max_session_duration": 3600,
            "name": "b3-crawler-role-dev",
            "name_prefix": "",
            "path": "/",
            "permissions_boundary": "",
            "tags": {},
            "tags_all": {
              "Environment": "dev",
              "ManagedBy": "terraform",
              "Owner": "fiap-pos-tech",
              "Project": "bovespa-pipeline"
            },
            "unique_id": "AROAWCCGMPAL4ZXF45QMH"
          },
          "sensitive_attributes": [],
          "private": "bnVsbA=="
        }
      ]
    },
    {
      "module": "module.lambda",
      "mode": "managed",
      "type": "aws_iam_role_policy",
      "name": "lambda_policy",
      "provider": "provider[\"registry.terraform.io/hashicorp/aws\"]",
      "instances": [
        {
          "schema_version": 0,
          "attributes": {
            "id": "b3-crawler-role-dev:b3-crawler-policy-dev",
            "name": "b3-crawler-policy-dev",
            "name_prefix": "",
            "policy": "{\"Version\":\"2012-10-17\",\"Statement\":[{\"Action\":[\"s3:PutObject\",\"s3:GetObject\",\"s3:ListBucket\"],\"Effect\":\"Allow\",\"Resource\":[\"arn:aws:s3:::bovespa-pipeline-data\",\"arn:aws:s3:::bovespa-pipeline-data/*\"]},{\"Action\":[\"logs:CreateLogGroup\",\"logs:CreateLogStream\",\"logs:PutLogEvents\"],\"Effect\":\"Allow\",\"Resource\":[\"arn:aws:logs:*:*:*\"]},{\"Action\":[\"glue:StartWorkflowRun\",\"glue:GetWorkflow\"],\"Effect\":\"Allow\",\"Resource\":[\"arn:aws:glue:us-east-1:416759445527:workflow/transform-bovespa-workflow-dev\"]}]}",
            "role": "b3-crawler-role-dev"
          },
          "sensitive_attributes": [],
          "private": "bnVsbA==",
          "dependencies": [
            "module.glue.aws_glue_workflow.bovespa",
            "module.lambda.aws_iam_role.lambda_role",
            "module.s3.aws_s3_bucket.bovespa_data"
          ]
        }
      ]
    },
    {
      "module": "module.lambda",
      "mode": "managed",
      "type": "aws_lambda_function",
      "name": "crawler",
      "provider": "provider[\"registry.terraform.io/hashicorp/aws\"]",
      "instances": [
        {
          "schema_version": 0,
          "attributes": {
            "architectures": [
              "x86_64"
            ],
            "arn": "arn:aws:lambda:us-east-1:416759445527:function:b3-crawler-dev",
            "code_sha256": "6RWSPKy7P12jBJ6XjNiUILVTQi0Z8KSpJaF5m/xDQIM=",
            "code_signing_config_arn": "",
            "dead_letter_config": [],
            "description": "",
            "environment": [
              {
                "variables": {
                  "BUCKET_NAME": "bovespa-pipeline-data",
                  "GLUE_WORKFLOW_NAME": "transform-bovespa-workflow-dev"
                }
              }
            ],
            "ephemeral_storage": [
              {
                "size": 512
              }
            ],
            "file_system_config": [],
            "filename": null,
            "function_name": "b3-crawler-dev",
            "handler": "crawler.handler",
            "id": "b3-crawler-dev",
            "image_config": [],
            "image_uri": "",
            "invoke_arn": "arn:aws:apigateway:us-east-1:lambda:path/2015-03-31/functions/arn:aws:lambda:us-east-1:416759445527:function:b3-crawler-dev/invocations",
            "kms_key_arn": "",
            "last_modified": "2025-03-23T20:24:22.002+0000",
            "layers": null,
            "logging_config": [
              {
                "application_log_level": "",
                "log_format": "Text",
                "log_group": "/aws/lambda/b3-crawler-dev",
                "system_log_level": ""
              }
            ],
            "memory_size": 2048,
            "package_type": "Zip",
            "publish": false,
            "qualified_arn": "arn:aws:lambda:us-east-1:416759445527:function:b3-crawler-dev:$LATEST",
            "qualified_invoke_arn": "arn:aws:apigateway:us-east-1:lambda:path/2015-03-31/functions/arn:aws:lambda:us-east-1:416759445527:function:b3-crawler-dev:$LATEST/invocations",
            "replace_security_groups_on_destroy": null,
            "replacement_security_group_ids": null,
            "reserved_concurrent_executions": -1,
            "role": "arn:aws:iam::416759445527:role/b3-crawler-role-dev",
            "runtime": "nodejs18.x",
            "s3_bucket": "bovespa-pipeline-data",
            "s3_key": "scripts/crawler.zip",
            "s3_object_version": null,
            "signing_job_arn": "",
            "signing_profile_version_arn": "",
            "skip_destroy": false,
            "snap_start": [],
            "source_code_hash": "mjGneaHh/eJybUFgIY1Ky5s4DQFjcoPV5XeEU/kRfnY=",
            "source_code_size": 85288971,
            "tags": null,
            "tags_all": {
              "Environment": "dev",
              "ManagedBy": "terraform",
              "Owner": "fiap-pos-tech",
              "Project": "bovespa-pipeline"
            },
            "timeout": 300,
            "timeouts": null,
            "tracing_config": [
              {
                "mode": "PassThrough"
              }
            ],
            "version": "$LATEST",
            "vpc_config": []
          },
          "sensitive_attributes": [],
          "private": "eyJlMmJmYjczMC1lY2FhLTExZTYtOGY4OC0zNDM2M2JjN2M0YzAiOnsiY3JlYXRlIjo2MDAwMDAwMDAwMDAsImRlbGV0ZSI6NjAwMDAwMDAwMDAwLCJ1cGRhdGUiOjYwMDAwMDAwMDAwMH19",
          "dependencies": [
            "module.glue.aws_glue_workflow.bovespa",
            "module.lambda.aws_iam_role.lambda_role",
            "module.lambda.aws_s3_object.lambda_code",
            "module.lambda.data.archive_file.lambda_zip",
            "module.lambda.null_resource.lambda_dependencies",
            "module.s3.aws_s3_bucket.bovespa_data"
          ]
        }
      ]
    },
    {
      "module": "module.lambda",
      "mode": "managed",
      "type": "aws_s3_object",
      "name": "lambda_code",
      "provider": "provider[\"registry.terraform.io/hashicorp/aws\"]",
      "instances": [
        {
          "schema_version": 0,
          "attributes": {
            "acl": null,
            "arn": "arn:aws:s3:::bovespa-pipeline-data/scripts/crawler.zip",
            "bucket": "bovespa-pipeline-data",
            "bucket_key_enabled": false,
            "cache_control": "",
            "checksum_algorithm": null,
            "checksum_crc32": "",
            "checksum_crc32c": "",
            "checksum_crc64nvme": "",
            "checksum_sha1": "",
            "checksum_sha256": "",
            "content": null,
            "content_base64": null,
            "content_disposition": "",
            "content_encoding": "",
            "content_language": "",
            "content_type": "binary/octet-stream",
            "etag": "1702c695ecccb708286f676298de6ed6-17",
            "force_destroy": false,
            "id": "scripts/crawler.zip",
            "key": "scripts/crawler.zip",
            "kms_key_id": null,
            "metadata": null,
            "object_lock_legal_hold_status": "",
            "object_lock_mode": "",
            "object_lock_retain_until_date": "",
            "override_provider": [],
            "server_side_encryption": "AES256",
            "source": "modules/lambda/crawler.zip",
            "source_hash": "mjGneaHh/eJybUFgIY1Ky5s4DQFjcoPV5XeEU/kRfnY=",
            "storage_class": "STANDARD",
            "tags": null,
            "tags_all": {
              "Environment": "dev",
              "ManagedBy": "terraform",
              "Owner": "fiap-pos-tech",
              "Project": "bovespa-pipeline"
            },
            "version_id": "02aRxAesSsMdIHagiCsg0GtsBbPsiDRp",
            "website_redirect": ""
          },
          "sensitive_attributes": [],
          "private": "bnVsbA==",
          "dependencies": [
            "module.lambda.data.archive_file.lambda_zip",
            "module.lambda.null_resource.lambda_dependencies",
            "module.s3.aws_s3_bucket.bovespa_data"
          ]
        }
      ]
    },
    {
      "module": "module.lambda",
      "mode": "managed",
      "type": "null_resource",
      "name": "lambda_dependencies",
      "provider": "provider[\"registry.terraform.io/hashicorp/null\"]",
      "instances": [
        {
          "schema_version": 0,
          "attributes": {
            "id": "538658021678648088",
            "triggers": {
              "package_json_hash": "985f40e208ae68b3629915e7cb5f51380fa0de283c17b08659dca0f2c94b57ff",
              "source_code_hash": "2465a8a934e4f5e9a6bbb00aee0bd9afceeba02637070edd5efcf1f5ee213e62"
            }
          },
          "sensitive_attributes": []
        }
      ]
    },
    {
      "module": "module.s3",
      "mode": "managed",
      "type": "aws_s3_bucket",
      "name": "bovespa_data",
      "provider": "provider[\"registry.terraform.io/hashicorp/aws\"]",
      "instances": [
        {
          "schema_version": 0,
          "attributes": {
            "acceleration_status": "",
            "acl": null,
            "arn": "arn:aws:s3:::bovespa-pipeline-data",
            "bucket": "bovespa-pipeline-data",
            "bucket_domain_name": "bovespa-pipeline-data.s3.amazonaws.com",
            "bucket_prefix": "",
            "bucket_regional_domain_name": "bovespa-pipeline-data.s3.us-east-1.amazonaws.com",
            "cors_rule": [],
            "force_destroy": false,
            "grant": [
              {
                "id": "815adee63aa8f29725272a9198bf887663650614b07c4c1b52c64d18ad209fa9",
                "permissions": [
                  "FULL_CONTROL"
                ],
                "type": "CanonicalUser",
                "uri": ""
              }
            ],
            "hosted_zone_id": "Z3AQBSTGFYJSTF",
            "id": "bovespa-pipeline-data",
            "lifecycle_rule": [],
            "logging": [],
            "object_lock_configuration": [],
            "object_lock_enabled": false,
            "policy": "",
            "region": "us-east-1",
            "replication_configuration": [],
            "request_payer": "BucketOwner",
            "server_side_encryption_configuration": [
              {
                "rule": [
                  {
                    "apply_server_side_encryption_by_default": [
                      {
                        "kms_master_key_id": "",
                        "sse_algorithm": "AES256"
                      }
                    ],
                    "bucket_key_enabled": false
                  }
                ]
              }
            ],
            "tags": null,
            "tags_all": {
              "Environment": "dev",
              "ManagedBy": "terraform",
              "Owner": "fiap-pos-tech",
              "Project": "bovespa-pipeline"
            },
            "timeouts": null,
            "versioning": [
              {
                "enabled": false,
                "mfa_delete": false
              }
            ],
            "website": [],
            "website_domain": null,
            "website_endpoint": null
          },
          "sensitive_attributes": [],
          "private": "eyJlMmJmYjczMC1lY2FhLTExZTYtOGY4OC0zNDM2M2JjN2M0YzAiOnsiY3JlYXRlIjoxMjAwMDAwMDAwMDAwLCJkZWxldGUiOjM2MDAwMDAwMDAwMDAsInJlYWQiOjEyMDAwMDAwMDAwMDAsInVwZGF0ZSI6MTIwMDAwMDAwMDAwMH19"
        }
      ]
    },
    {
      "module": "module.s3",
      "mode": "managed",
      "type": "aws_s3_bucket_policy",
      "name": "allow_access",
      "provider": "provider[\"registry.terraform.io/hashicorp/aws\"]",
      "instances": [
        {
          "schema_version": 0,
          "attributes": {
            "bucket": "bovespa-pipeline-data",
            "id": "bovespa-pipeline-data",
            "policy": "{\"Statement\":[{\"Action\":[\"s3:GetObject\",\"s3:PutObject\",\"s3:ListBucket\"],\"Effect\":\"Allow\",\"Principal\":{\"Service\":[\"lambda.amazonaws.com\",\"glue.amazonaws.com\"]},\"Resource\":[\"arn:aws:s3:::bovespa-pipeline-data\",\"arn:aws:s3:::bovespa-pipeline-data/*\"],\"Sid\":\"AllowLambdaAccess\"}],\"Version\":\"2012-10-17\"}"
          },
          "sensitive_attributes": [],
          "private": "bnVsbA==",
          "dependencies": [
            "module.s3.aws_s3_bucket.bovespa_data"
          ]
        }
      ]
    },
    {
      "module": "module.s3",
      "mode": "managed",
      "type": "aws_s3_bucket_versioning",
      "name": "versioning",
      "provider": "provider[\"registry.terraform.io/hashicorp/aws\"]",
      "instances": [
        {
          "schema_version": 0,
          "attributes": {
            "bucket": "bovespa-pipeline-data",
            "expected_bucket_owner": "",
            "id": "bovespa-pipeline-data",
            "mfa": null,
            "versioning_configuration": [
              {
                "mfa_delete": "",
                "status": "Enabled"
              }
            ]
          },
          "sensitive_attributes": [],
          "private": "bnVsbA==",
          "dependencies": [
            "module.s3.aws_s3_bucket.bovespa_data"
          ]
        }
      ]
    },
    {
      "module": "module.s3",
      "mode": "managed",
      "type": "aws_s3_object",
      "name": "athena_results_folder",
      "provider": "provider[\"registry.terraform.io/hashicorp/aws\"]",
      "instances": [
        {
          "schema_version": 0,
          "attributes": {
            "acl": null,
            "arn": "arn:aws:s3:::bovespa-pipeline-data/athena_results/",
            "bucket": "bovespa-pipeline-data",
            "bucket_key_enabled": false,
            "cache_control": "",
            "checksum_algorithm": null,
            "checksum_crc32": "",
            "checksum_crc32c": "",
            "checksum_crc64nvme": "",
            "checksum_sha1": "",
            "checksum_sha256": "",
            "content": null,
            "content_base64": null,
            "content_disposition": "",
            "content_encoding": "",
            "content_language": "",
            "content_type": "application/x-directory",
            "etag": "d41d8cd98f00b204e9800998ecf8427e",
            "force_destroy": false,
            "id": "athena_results/",
            "key": "athena_results/",
            "kms_key_id": null,
            "metadata": null,
            "object_lock_legal_hold_status": "",
            "object_lock_mode": "",
            "object_lock_retain_until_date": "",
            "override_provider": [],
            "server_side_encryption": "AES256",
            "source": null,
            "source_hash": null,
            "storage_class": "STANDARD",
            "tags": null,
            "tags_all": {
              "Environment": "dev",
              "ManagedBy": "terraform",
              "Owner": "fiap-pos-tech",
              "Project": "bovespa-pipeline"
            },
            "version_id": "PflFdgyvmGQfJJOq8UDivuwWgxumt9Jx",
            "website_redirect": ""
          },
          "sensitive_attributes": [],
          "private": "bnVsbA==",
          "dependencies": [
            "module.s3.aws_s3_bucket.bovespa_data"
          ]
        }
      ]
    },
    {
      "module": "module.s3",
      "mode": "managed",
      "type": "aws_s3_object",
      "name": "raw_folder",
      "provider": "provider[\"registry.terraform.io/hashicorp/aws\"]",
      "instances": [
        {
          "schema_version": 0,
          "attributes": {
            "acl": null,
            "arn": "arn:aws:s3:::bovespa-pipeline-data/raw/",
            "bucket": "bovespa-pipeline-data",
            "bucket_key_enabled": false,
            "cache_control": "",
            "checksum_algorithm": null,
            "checksum_crc32": "",
            "checksum_crc32c": "",
            "checksum_crc64nvme": "",
            "checksum_sha1": "",
            "checksum_sha256": "",
            "content": null,
            "content_base64": null,
            "content_disposition": "",
            "content_encoding": "",
            "content_language": "",
            "content_type": "application/x-directory",
            "etag": "d41d8cd98f00b204e9800998ecf8427e",
            "force_destroy": false,
            "id": "raw/",
            "key": "raw/",
            "kms_key_id": null,
            "metadata": null,
            "object_lock_legal_hold_status": "",
            "object_lock_mode": "",
            "object_lock_retain_until_date": "",
            "override_provider": [],
            "server_side_encryption": "AES256",
            "source": null,
            "source_hash": null,
            "storage_class": "STANDARD",
            "tags": null,
            "tags_all": {
              "Environment": "dev",
              "ManagedBy": "terraform",
              "Owner": "fiap-pos-tech",
              "Project": "bovespa-pipeline"
            },
            "version_id": "wY4_WDw2g_H9G42Ubz7spmBvxMmefLsM",
            "website_redirect": ""
          },
          "sensitive_attributes": [],
          "private": "bnVsbA==",
          "dependencies": [
            "module.s3.aws_s3_bucket.bovespa_data"
          ]
        }
      ]
    },
    {
      "module": "module.s3",
      "mode": "managed",
      "type": "aws_s3_object",
      "name": "refined_folder",
      "provider": "provider[\"registry.terraform.io/hashicorp/aws\"]",
      "instances": [
        {
          "schema_version": 0,
          "attributes": {
            "acl": null,
            "arn": "arn:aws:s3:::bovespa-pipeline-data/refined/",
            "bucket": "bovespa-pipeline-data",
            "bucket_key_enabled": false,
            "cache_control": "",
            "checksum_algorithm": null,
            "checksum_crc32": "",
            "checksum_crc32c": "",
            "checksum_crc64nvme": "",
            "checksum_sha1": "",
            "checksum_sha256": "",
            "content": null,
            "content_base64": null,
            "content_disposition": "",
            "content_encoding": "",
            "content_language": "",
            "content_type": "application/x-directory",
            "etag": "d41d8cd98f00b204e9800998ecf8427e",
            "force_destroy": false,
            "id": "refined/",
            "key": "refined/",
            "kms_key_id": null,
            "metadata": null,
            "object_lock_legal_hold_status": "",
            "object_lock_mode": "",
            "object_lock_retain_until_date": "",
            "override_provider": [],
            "server_side_encryption": "AES256",
            "source": null,
            "source_hash": null,
            "storage_class": "STANDARD",
            "tags": null,
            "tags_all": {
              "Environment": "dev",
              "ManagedBy": "terraform",
              "Owner": "fiap-pos-tech",
              "Project": "bovespa-pipeline"
            },
            "version_id": "ygaJnI8ffZa.w7xEkupCwdv9yUjZy1E2",
            "website_redirect": ""
          },
          "sensitive_attributes": [],
          "private": "bnVsbA==",
          "dependencies": [
            "module.s3.aws_s3_bucket.bovespa_data"
          ]
        }
      ]
    },
    {
      "module": "module.s3",
      "mode": "managed",
      "type": "aws_s3_object",
      "name": "scripts_folder",
      "provider": "provider[\"registry.terraform.io/hashicorp/aws\"]",
      "instances": [
        {
          "schema_version": 0,
          "attributes": {
            "acl": null,
            "arn": "arn:aws:s3:::bovespa-pipeline-data/scripts/",
            "bucket": "bovespa-pipeline-data",
            "bucket_key_enabled": false,
            "cache_control": "",
            "checksum_algorithm": null,
            "checksum_crc32": "",
            "checksum_crc32c": "",
            "checksum_crc64nvme": "",
            "checksum_sha1": "",
            "checksum_sha256": "",
            "content": null,
            "content_base64": null,
            "content_disposition": "",
            "content_encoding": "",
            "content_language": "",
            "content_type": "application/x-directory",
            "etag": "d41d8cd98f00b204e9800998ecf8427e",
            "force_destroy": false,
            "id": "scripts/",
            "key": "scripts/",
            "kms_key_id": null,
            "metadata": null,
            "object_lock_legal_hold_status": "",
            "object_lock_mode": "",
            "object_lock_retain_until_date": "",
            "override_provider": [],
            "server_side_encryption": "AES256",
            "source": null,
            "source_hash": null,
            "storage_class": "STANDARD",
            "tags": null,
            "tags_all": {
              "Environment": "dev",
              "ManagedBy": "terraform",
              "Owner": "fiap-pos-tech",
              "Project": "bovespa-pipeline"
            },
            "version_id": "sZyY9Xy9XRxxXKCc3psbHFseYCzJCiU6",
            "website_redirect": ""
          },
          "sensitive_attributes": [],
          "private": "bnVsbA==",
          "dependencies": [
            "module.s3.aws_s3_bucket.bovespa_data"
          ]
        }
      ]
    },
    {
      "module": "module.s3",
      "mode": "managed",
      "type": "random_id",
      "name": "bucket_suffix",
      "provider": "provider[\"registry.terraform.io/hashicorp/random\"]",
      "instances": [
        {
          "schema_version": 0,
          "attributes": {
            "b64_std": "49F7Dg==",
            "b64_url": "49F7Dg",
            "byte_length": 4,
            "dec": "3822156558",
            "hex": "e3d17b0e",
            "id": "49F7Dg",
            "keepers": null,
            "prefix": null
          },
          "sensitive_attributes": []
        }
      ]
    }
  ],
  "check_results": null
}
