{
  "version": 4,
  "terraform_version": "1.5.7",
  "serial": 161,
  "lineage": "e780a6d2-d15f-697d-97df-b9ead4ab4089",
  "outputs": {},
  "resources": [
    {
      "module": "module.athena",
      "mode": "managed",
      "type": "aws_athena_database",
      "name": "bovespa_db",
      "provider": "provider[\"registry.terraform.io/hashicorp/aws\"]",
      "instances": [
        {
          "schema_version": 0,
          "attributes": {
            "acl_configuration": [],
            "bucket": null,
            "comment": "",
            "encryption_configuration": [],
            "expected_bucket_owner": null,
            "force_destroy": null,
            "id": "bovespa_db_dev",
            "name": "bovespa_db_dev",
            "properties": {}
          },
          "sensitive_attributes": [],
          "private": "eyJzY2hlbWFfdmVyc2lvbiI6IjAifQ==",
          "dependencies": [
            "module.s3.aws_s3_bucket.bovespa_data"
          ]
        }
      ]
    },
    {
      "module": "module.athena",
      "mode": "managed",
      "type": "aws_athena_workgroup",
      "name": "bovespa",
      "provider": "provider[\"registry.terraform.io/hashicorp/aws\"]",
      "instances": [
        {
          "schema_version": 0,
          "attributes": {
            "arn": "arn:aws:athena:us-east-1:416759445527:workgroup/bovespa-workgroup-dev",
            "configuration": [
              {
                "bytes_scanned_cutoff_per_query": 0,
                "enforce_workgroup_configuration": true,
                "engine_version": [
                  {
                    "effective_engine_version": "Athena engine version 3",
                    "selected_engine_version": "AUTO"
                  }
                ],
                "execution_role": "",
                "publish_cloudwatch_metrics_enabled": true,
                "requester_pays_enabled": false,
                "result_configuration": [
                  {
                    "acl_configuration": [],
                    "encryption_configuration": [],
                    "expected_bucket_owner": "",
                    "output_location": "s3://bovespa-pipeline-data/athena-results/"
                  }
                ]
              }
            ],
            "description": "",
            "force_destroy": false,
            "id": "bovespa-workgroup-dev",
            "name": "bovespa-workgroup-dev",
            "state": "ENABLED",
            "tags": {},
            "tags_all": {
              "Environment": "dev",
              "ManagedBy": "terraform",
              "Owner": "fiap-pos-tech",
              "Project": "bovespa-pipeline"
            }
          },
          "sensitive_attributes": [],
          "private": "bnVsbA==",
          "dependencies": [
            "module.athena.aws_s3_bucket.athena_results",
            "module.athena.random_id.bucket_suffix"
          ]
        }
      ]
    },
    {
      "module": "module.athena",
      "mode": "managed",
      "type": "aws_s3_bucket",
      "name": "athena_results",
      "provider": "provider[\"registry.terraform.io/hashicorp/aws\"]",
      "instances": [
        {
          "schema_version": 0,
          "attributes": {
            "acceleration_status": "",
            "acl": null,
            "arn": "arn:aws:s3:::athena-results-bovespa-dev-7933a2de",
            "bucket": "athena-results-bovespa-dev-7933a2de",
            "bucket_domain_name": "athena-results-bovespa-dev-7933a2de.s3.amazonaws.com",
            "bucket_prefix": "",
            "bucket_regional_domain_name": "athena-results-bovespa-dev-7933a2de.s3.us-east-1.amazonaws.com",
            "cors_rule": [],
            "force_destroy": false,
            "grant": [
              {
                "id": "815adee63aa8f29725272a9198bf887663650614b07c4c1b52c64d18ad209fa9",
                "permissions": [
                  "FULL_CONTROL"
                ],
                "type": "CanonicalUser",
                "uri": ""
              }
            ],
            "hosted_zone_id": "Z3AQBSTGFYJSTF",
            "id": "athena-results-bovespa-dev-7933a2de",
            "lifecycle_rule": [],
            "logging": [],
            "object_lock_configuration": [],
            "object_lock_enabled": false,
            "policy": "",
            "region": "us-east-1",
            "replication_configuration": [],
            "request_payer": "BucketOwner",
            "server_side_encryption_configuration": [
              {
                "rule": [
                  {
                    "apply_server_side_encryption_by_default": [
                      {
                        "kms_master_key_id": "",
                        "sse_algorithm": "AES256"
                      }
                    ],
                    "bucket_key_enabled": false
                  }
                ]
              }
            ],
            "tags": {
              "Environment": "dev",
              "Name": "Bucket para resultados do Athena",
              "Project": "bovespa-pipeline"
            },
            "tags_all": {
              "Environment": "dev",
              "ManagedBy": "terraform",
              "Name": "Bucket para resultados do Athena",
              "Owner": "fiap-pos-tech",
              "Project": "bovespa-pipeline"
            },
            "timeouts": null,
            "versioning": [
              {
                "enabled": false,
                "mfa_delete": false
              }
            ],
            "website": [],
            "website_domain": null,
            "website_endpoint": null
          },
          "sensitive_attributes": [],
          "private": "eyJlMmJmYjczMC1lY2FhLTExZTYtOGY4OC0zNDM2M2JjN2M0YzAiOnsiY3JlYXRlIjoxMjAwMDAwMDAwMDAwLCJkZWxldGUiOjM2MDAwMDAwMDAwMDAsInJlYWQiOjEyMDAwMDAwMDAwMDAsInVwZGF0ZSI6MTIwMDAwMDAwMDAwMH19",
          "dependencies": [
            "module.athena.random_id.bucket_suffix"
          ]
        }
      ]
    },
    {
      "module": "module.athena",
      "mode": "managed",
      "type": "random_id",
      "name": "bucket_suffix",
      "provider": "provider[\"registry.terraform.io/hashicorp/random\"]",
      "instances": [
        {
          "schema_version": 0,
          "attributes": {
            "b64_std": "eTOi3g==",
            "b64_url": "eTOi3g",
            "byte_length": 4,
            "dec": "2033427166",
            "hex": "7933a2de",
            "id": "eTOi3g",
            "keepers": null,
            "prefix": null
          },
          "sensitive_attributes": []
        }
      ]
    },
    {
      "module": "module.glue",
      "mode": "managed",
      "type": "aws_s3_object",
      "name": "glue_script",
      "provider": "provider[\"registry.terraform.io/hashicorp/aws\"]",
      "instances": [
        {
          "schema_version": 0,
          "attributes": {
            "acl": null,
            "arn": "arn:aws:s3:::bovespa-pipeline-data/scripts/transform_bovespa.py",
            "bucket": "bovespa-pipeline-data",
            "bucket_key_enabled": false,
            "cache_control": "",
            "checksum_algorithm": null,
            "checksum_crc32": "",
            "checksum_crc32c": "",
            "checksum_crc64nvme": "",
            "checksum_sha1": "",
            "checksum_sha256": "",
            "content": null,
            "content_base64": null,
            "content_disposition": "",
            "content_encoding": "",
            "content_language": "",
            "content_type": "application/octet-stream",
            "etag": "03e8d73ad2d93a8ec0df8970c34f62e4",
            "force_destroy": true,
            "id": "scripts/transform_bovespa.py",
            "key": "scripts/transform_bovespa.py",
            "kms_key_id": null,
            "metadata": {},
            "object_lock_legal_hold_status": "",
            "object_lock_mode": "",
            "object_lock_retain_until_date": "",
            "override_provider": [],
            "server_side_encryption": "AES256",
            "source": "modules/glue/scripts/transform_bovespa.py",
            "source_hash": null,
            "storage_class": "STANDARD",
            "tags": {},
            "tags_all": {
              "Environment": "dev",
              "ManagedBy": "terraform",
              "Owner": "fiap-pos-tech",
              "Project": "bovespa-pipeline"
            },
            "version_id": "xju.K4nBpA0IaxLLtIibIffj_X3uPPPb",
            "website_redirect": ""
          },
          "sensitive_attributes": [],
          "private": "bnVsbA==",
          "dependencies": [
            "module.s3.aws_s3_bucket.bovespa_data"
          ]
        }
      ]
    },
    {
      "module": "module.s3",
      "mode": "managed",
      "type": "aws_s3_bucket",
      "name": "bovespa_data",
      "provider": "provider[\"registry.terraform.io/hashicorp/aws\"]",
      "instances": [
        {
          "schema_version": 0,
          "attributes": {
            "acceleration_status": "",
            "acl": null,
            "arn": "arn:aws:s3:::bovespa-pipeline-data",
            "bucket": "bovespa-pipeline-data",
            "bucket_domain_name": "bovespa-pipeline-data.s3.amazonaws.com",
            "bucket_prefix": "",
            "bucket_regional_domain_name": "bovespa-pipeline-data.s3.us-east-1.amazonaws.com",
            "cors_rule": [],
            "force_destroy": false,
            "grant": [
              {
                "id": "815adee63aa8f29725272a9198bf887663650614b07c4c1b52c64d18ad209fa9",
                "permissions": [
                  "FULL_CONTROL"
                ],
                "type": "CanonicalUser",
                "uri": ""
              }
            ],
            "hosted_zone_id": "Z3AQBSTGFYJSTF",
            "id": "bovespa-pipeline-data",
            "lifecycle_rule": [],
            "logging": [],
            "object_lock_configuration": [],
            "object_lock_enabled": false,
            "policy": "{\"Statement\":[{\"Action\":[\"s3:GetObject\",\"s3:PutObject\",\"s3:ListBucket\"],\"Effect\":\"Allow\",\"Principal\":{\"Service\":[\"lambda.amazonaws.com\",\"glue.amazonaws.com\"]},\"Resource\":[\"arn:aws:s3:::bovespa-pipeline-data\",\"arn:aws:s3:::bovespa-pipeline-data/*\"],\"Sid\":\"AllowLambdaAccess\"}],\"Version\":\"2012-10-17\"}",
            "region": "us-east-1",
            "replication_configuration": [],
            "request_payer": "BucketOwner",
            "server_side_encryption_configuration": [
              {
                "rule": [
                  {
                    "apply_server_side_encryption_by_default": [
                      {
                        "kms_master_key_id": "",
                        "sse_algorithm": "AES256"
                      }
                    ],
                    "bucket_key_enabled": false
                  }
                ]
              }
            ],
            "tags": {},
            "tags_all": {
              "Environment": "dev",
              "ManagedBy": "terraform",
              "Owner": "fiap-pos-tech",
              "Project": "bovespa-pipeline"
            },
            "timeouts": null,
            "versioning": [
              {
                "enabled": true,
                "mfa_delete": false
              }
            ],
            "website": [],
            "website_domain": null,
            "website_endpoint": null
          },
          "sensitive_attributes": [],
          "private": "eyJlMmJmYjczMC1lY2FhLTExZTYtOGY4OC0zNDM2M2JjN2M0YzAiOnsiY3JlYXRlIjoxMjAwMDAwMDAwMDAwLCJkZWxldGUiOjM2MDAwMDAwMDAwMDAsInJlYWQiOjEyMDAwMDAwMDAwMDAsInVwZGF0ZSI6MTIwMDAwMDAwMDAwMH19"
        }
      ]
    }
  ],
  "check_results": null
}
